
Microsoft Visual Studio Solution File, Format Version 12.00
# Visual Studio Version 17
VisualStudioVersion = 17.5.33424.131
MinimumVisualStudioVersion = 10.0.40219.1
Project("{FAE04EC0-301F-11D3-BF4B-00C04F79EFBC}") = "MVCcrud", "MVCcrud\MVCcrud.csproj", "{08BDCFF3-4D33-4270-A462-A20442A67D90}"
EndProject
Global
	GlobalSection(SolutionConfigurationPlatforms) = preSolution
		Debug|Any CPU = Debug|Any CPU
		Release|Any CPU = Release|Any CPU
	EndGlobalSection
	GlobalSection(ProjectConfigurationPlatforms) = postSolution
		{08BDCFF3-4D33-4270-A462-A20442A67D90}.Debug|Any CPU.ActiveCfg = Debug|Any CPU
		{08BDCFF3-4D33-4270-A462-A20442A67D90}.Debug|Any CPU.Build.0 = Debug|Any CPU
		{08BDCFF3-4D33-4270-A462-A20442A67D90}.Release|Any CPU.ActiveCfg = Release|Any CPU
		{08BDCFF3-4D33-4270-A462-A20442A67D90}.Release|Any CPU.Build.0 = Release|Any CPU
	EndGlobalSection
	GlobalSection(SolutionProperties) = preSolution
		HideSolutionNode = FALSE
	EndGlobalSection
	GlobalSection(ExtensibilityGlobals) = postSolution
		SolutionGuid = {25B4F3F0-289E-48FE-AF26-72BEE5B34504}
	EndGlobalSection
EndGlobal
